<?xml version="1.0" encoding="UTF-8" standalone="yes" ?>
<CodeBlocks_project_file>
	<FileVersion major="1" minor="6" />
	<Project>
		<Option title="leitura_arvore_Leitura_Funciana_V3.0" />
		<Option pch_mode="2" />
		<Option compiler="gcc" />
		<Build>
			<Target title="Debug">
				<Option output="bin/Debug/leitura_arvore_Leitura_Funciana_V3" prefix_auto="1" extension_auto="1" />
				<Option object_output="obj/Debug/" />
				<Option type="1" />
				<Option compiler="gcc" />
				<Compiler>
					<Add option="-std=c++11" />
					<Add option="-g" />
				</Compiler>
			</Target>
			<Target title="Release">
				<Option output="bin/Release/leitura_arvore_Leitura_Funciana_V3" prefix_auto="1" extension_auto="1" />
				<Option object_output="obj/Release/" />
				<Option type="1" />
				<Option compiler="gcc" />
				<Compiler>
					<Add option="-O2" />
				</Compiler>
				<Linker>
					<Add option="-s" />
				</Linker>
			</Target>
		</Build>
		<Compiler>
			<Add option="-Wall" />
			<Add option="-fexceptions" />
		</Compiler>
		<Unit filename="ArvoreB.cpp" />
		<Unit filename="ArvoreB.h" />
		<Unit filename="ArvoreHuffman.cpp" />
		<Unit filename="ArvoreHuffman.h" />
		<Unit filename="ArvoreVP.cpp" />
		<Unit filename="ArvoreVP.h" />
		<Unit filename="ArvoreVP_adaptativa.cpp" />
		<Unit filename="ArvoreVP_adaptativa.h" />
		<Unit filename="HeapMin.cpp" />
		<Unit filename="HeapMin.h" />
		<Unit filename="LeituraArquivo.cpp" />
		<Unit filename="LeituraArquivo.h" />
		<Unit filename="NoArvoreB.cpp" />
		<Unit filename="NoArvoreB.h" />
		<Unit filename="NoHeapMin.cpp" />
		<Unit filename="NoHeapMin.h" />
		<Unit filename="Objeto.cpp" />
		<Unit filename="Objeto.h" />
		<Unit filename="Usuario.cpp" />
		<Unit filename="Usuario.h" />
		<Unit filename="main.cpp" />
		<Extensions>
			<code_completion />
			<envvars />
			<debugger />
			<lib_finder disable_auto="1" />
		</Extensions>
	</Project>
</CodeBlocks_project_file>
